
Microsoft Visual Studio Solution File, Format Version 12.00
# Visual Studio Version 16
VisualStudioVersion = 25.0.1700.0
MinimumVisualStudioVersion = 10.0.40219.1
Project("{FAE04EC0-301F-11D3-BF4B-00C04F79EFBC}") = "StoreApp", "StoreApp\StoreApp.csproj", "{F2FD35A0-31F6-40D1-B357-2839B2DD94FF}"
EndProject
Project("{FAE04EC0-301F-11D3-BF4B-00C04F79EFBC}") = "StoreApp.Logic", "StoreApp.Logic\StoreApp.Logic.csproj", "{337D473B-B3AA-4627-B87E-DCF31B818B50}"
EndProject
Project("{FAE04EC0-301F-11D3-BF4B-00C04F79EFBC}") = "StoreApp.Data", "StoreApp.Data\StoreApp.Data.csproj", "{9772D6B5-611B-4745-9C33-08106925E820}"
EndProject
Global
	GlobalSection(SolutionConfigurationPlatforms) = preSolution
		Debug|Any CPU = Debug|Any CPU
		Release|Any CPU = Release|Any CPU
	EndGlobalSection
	GlobalSection(ProjectConfigurationPlatforms) = postSolution
		{F2FD35A0-31F6-40D1-B357-2839B2DD94FF}.Debug|Any CPU.ActiveCfg = Debug|Any CPU
		{F2FD35A0-31F6-40D1-B357-2839B2DD94FF}.Debug|Any CPU.Build.0 = Debug|Any CPU
		{F2FD35A0-31F6-40D1-B357-2839B2DD94FF}.Release|Any CPU.ActiveCfg = Release|Any CPU
		{F2FD35A0-31F6-40D1-B357-2839B2DD94FF}.Release|Any CPU.Build.0 = Release|Any CPU
		{337D473B-B3AA-4627-B87E-DCF31B818B50}.Debug|Any CPU.ActiveCfg = Debug|Any CPU
		{337D473B-B3AA-4627-B87E-DCF31B818B50}.Debug|Any CPU.Build.0 = Debug|Any CPU
		{337D473B-B3AA-4627-B87E-DCF31B818B50}.Release|Any CPU.ActiveCfg = Release|Any CPU
		{337D473B-B3AA-4627-B87E-DCF31B818B50}.Release|Any CPU.Build.0 = Release|Any CPU
		{9772D6B5-611B-4745-9C33-08106925E820}.Debug|Any CPU.ActiveCfg = Debug|Any CPU
		{9772D6B5-611B-4745-9C33-08106925E820}.Debug|Any CPU.Build.0 = Debug|Any CPU
		{9772D6B5-611B-4745-9C33-08106925E820}.Release|Any CPU.ActiveCfg = Release|Any CPU
		{9772D6B5-611B-4745-9C33-08106925E820}.Release|Any CPU.Build.0 = Release|Any CPU
	EndGlobalSection
	GlobalSection(SolutionProperties) = preSolution
		HideSolutionNode = FALSE
	EndGlobalSection
	GlobalSection(ExtensibilityGlobals) = postSolution
		SolutionGuid = {81D84A1B-4705-4ABD-80E3-AAF04AB62B8C}
	EndGlobalSection
EndGlobal
